# This file is automatically @generated by Cargo.
# It is not intended for manual editing.
[[package]]
name = "asm-rust-chess"
version = "0.1.0"
dependencies = [
 "chess-engine",
 "lazy_static",
]

[[package]]
name = "chess-engine"
version = "0.1.0"
source = "registry+https://github.com/rust-lang/crates.io-index"
checksum = "7d1bdd413b004f7bfa96262bf41a0d134d843a2f132620194fb341c57e11c3f0"

[[package]]
name = "lazy_static"
version = "1.4.0"
source = "registry+https://github.com/rust-lang/crates.io-index"
checksum = "e2abad23fbc42b3700f2f279844dc832adb2b2eb069b2df918f455c4e18cc646"
